
Microsoft Visual Studio Solution File, Format Version 12.00
# Visual Studio Version 17
VisualStudioVersion = 17.1.32210.238
MinimumVisualStudioVersion = 10.0.40219.1
Project("{FAE04EC0-301F-11D3-BF4B-00C04F79EFBC}") = "ModaMediaMediana", "ModaMediaMediana\ModaMediaMediana.csproj", "{086EBE66-EF14-4389-A5C7-891212C391B2}"
EndProject
Global
	GlobalSection(SolutionConfigurationPlatforms) = preSolution
		Debug|Any CPU = Debug|Any CPU
		Release|Any CPU = Release|Any CPU
	EndGlobalSection
	GlobalSection(ProjectConfigurationPlatforms) = postSolution
		{086EBE66-EF14-4389-A5C7-891212C391B2}.Debug|Any CPU.ActiveCfg = Debug|Any CPU
		{086EBE66-EF14-4389-A5C7-891212C391B2}.Debug|Any CPU.Build.0 = Debug|Any CPU
		{086EBE66-EF14-4389-A5C7-891212C391B2}.Release|Any CPU.ActiveCfg = Release|Any CPU
		{086EBE66-EF14-4389-A5C7-891212C391B2}.Release|Any CPU.Build.0 = Release|Any CPU
	EndGlobalSection
	GlobalSection(SolutionProperties) = preSolution
		HideSolutionNode = FALSE
	EndGlobalSection
	GlobalSection(ExtensibilityGlobals) = postSolution
		SolutionGuid = {42475BDD-DD25-424B-9C83-DA8E898F3A14}
	EndGlobalSection
EndGlobal
